{
  "name": "@arcsine/screen-recorder",
  "version": "0.2.0",
  "lockfileVersion": 2,
  "requires": true,
  "packages": {
    "": {
      "name": "@arcsine/screen-recorder",
      "version": "0.2.0",
      "license": "MIT",
      "dependencies": {
        "@arcsine/win-info": "^0.2.1",
        "yauzl": "^2.10.0"
      },
      "devDependencies": {
        "@travetto/test": "^1.0.0-beta.1",
        "@types/node": "^12.7.11",
        "@types/yauzl": "^2.9.1",
        "typescript": "^3.6.3"
      },
      "engines": {
        "node": ">=8"
      }
    },
    "node_modules/@arcsine/win-info": {
      "version": "0.2.1",
      "resolved": "https://registry.npmjs.org/@arcsine/win-info/-/win-info-0.2.1.tgz",
      "integrity": "sha512-KTeQyIQwaUNjL9GArr527t02BK655ixNRcXXUXJxiZARYpwrQ9IbE30kYcYAzwk9jE3w/Vz97t7U/1DqI4bxgQ==",
      "engines": {
        "node": ">=8"
      }
    },
    "node_modules/@travetto/base": {
      "version": "1.1.1",
      "resolved": "https://registry.npmjs.org/@travetto/base/-/base-1.1.1.tgz",
      "integrity": "sha512-ufGCnsxNP6Z+SZmLlM6dXdlrdzBBObO0ESupdTImDoZucYQ5lAWHTLJ691i/IpHhakmaavQ936chDoSLTGKEOA==",
      "dev": true,
      "dependencies": {
        "@travetto/boot": "^1.1.2"
      }
    },
    "node_modules/@travetto/boot": {
      "version": "1.1.2",
      "resolved": "https://registry.npmjs.org/@travetto/boot/-/boot-1.1.2.tgz",
      "integrity": "sha512-NsEV9cpm82/hMhCJ9EAJQ3761Krprk36V4agTZBiD04MCpThllyOffw3woRozIUdBN1GNSJapTXmbBLhOr+Rgg==",
      "dev": true,
      "hasInstallScript": true,
      "dependencies": {
        "@types/node": "^12.19.3",
        "@types/source-map-support": "^0.5.3",
        "source-map-support": "^0.5.19",
        "tslib": "^2.0.3",
        "typescript": "^4.0.5"
      },
      "engines": {
        "node": ">=12.12.7"
      }
    },
    "node_modules/@travetto/boot/node_modules/typescript": {
      "version": "4.1.3",
      "resolved": "https://registry.npmjs.org/typescript/-/typescript-4.1.3.tgz",
      "integrity": "sha512-B3ZIOf1IKeH2ixgHhj6la6xdwR9QrLC5d1VKeCSY4tvkqhF2eqd9O7txNlS0PO3GrBAFIdr3L1ndNwteUbZLYg==",
      "dev": true,
      "bin": {
        "tsc": "bin/tsc",
        "tsserver": "bin/tsserver"
      },
      "engines": {
        "node": ">=4.2.0"
      }
    },
    "node_modules/@travetto/compiler": {
      "version": "1.1.1",
      "resolved": "https://registry.npmjs.org/@travetto/compiler/-/compiler-1.1.1.tgz",
      "integrity": "sha512-FbFfzIszNrApQPo0VFrulpDq70/dbOahRai2Gp+/WyLVvhiyK6Sr6ED1PyCC7j8StizGwmJu4jU+JN4kpdENVg==",
      "dev": true,
      "dependencies": {
        "@travetto/base": "^1.1.1",
        "@travetto/transformer": "^1.1.1",
        "@travetto/watch": "^1.1.1"
      }
    },
    "node_modules/@travetto/registry": {
      "version": "1.1.1",
      "resolved": "https://registry.npmjs.org/@travetto/registry/-/registry-1.1.1.tgz",
      "integrity": "sha512-JCAxLQup6yfRGlDuJeYa/McaC6NaV7PdoL6sIdWH2U4HjbSnK/D3/rmaPuI5Rbxl5XmY9JBw9Obq0wKmwfeOqA==",
      "dev": true,
      "dependencies": {
        "@travetto/compiler": "^1.1.1"
      }
    },
    "node_modules/@travetto/test": {
      "version": "1.1.1",
      "resolved": "https://registry.npmjs.org/@travetto/test/-/test-1.1.1.tgz",
      "integrity": "sha512-8yJgvFLn1dRckgyXZQjWtBXRIs9kckdKDq+Oxp9tA9rc56oUc19ypCmA+jbHIXGAC7HC8bH9kGgyQL/aSKw1mg==",
      "dev": true,
      "dependencies": {
        "@travetto/compiler": "^1.1.1",
        "@travetto/registry": "^1.1.1",
        "@travetto/watch": "^1.1.1",
        "@travetto/worker": "^1.1.1",
        "@travetto/yaml": "^1.1.1"
      }
    },
    "node_modules/@travetto/transformer": {
      "version": "1.1.1",
      "resolved": "https://registry.npmjs.org/@travetto/transformer/-/transformer-1.1.1.tgz",
      "integrity": "sha512-p5Ebr59ueLMg4iun2K9qxmdVDIBc1eJXv3LzWOPj6jSGVAEAN3YJesAKCkkDhaQoXllgWmUdcVY0yaSrmD7Wfg==",
      "dev": true,
      "dependencies": {
        "@travetto/base": "^1.1.1"
      }
    },
    "node_modules/@travetto/watch": {
      "version": "1.1.1",
      "resolved": "https://registry.npmjs.org/@travetto/watch/-/watch-1.1.1.tgz",
      "integrity": "sha512-pJtRK/rt9zZfqaJCrrcM2/PQl3qx+vdtj5Xo7wfoz3Mp/F/NIVx17p/pdOU6QYcWyy6rNwYrvjzyJNtqTAx1LQ==",
      "dev": true,
      "dependencies": {
        "@travetto/base": "^1.1.1"
      }
    },
    "node_modules/@travetto/worker": {
      "version": "1.1.1",
      "resolved": "https://registry.npmjs.org/@travetto/worker/-/worker-1.1.1.tgz",
      "integrity": "sha512-G7o686LQFq2iJ4m90m//yP5DClg9vD0QSy1zs6xOL8WDDmJiF8CqjLNmq6tpj8MAU/IATJ/sZDUgqYFeztHPVw==",
      "dev": true,
      "dependencies": {
        "@travetto/base": "^1.1.1",
        "@types/generic-pool": "^3.1.9",
        "generic-pool": "^3.7.1"
      }
    },
    "node_modules/@travetto/yaml": {
      "version": "1.1.1",
      "resolved": "https://registry.npmjs.org/@travetto/yaml/-/yaml-1.1.1.tgz",
      "integrity": "sha512-VAqOxz8ipe1fr0Co3Br0kd9Pe5bgl7eVfpUXT+0rvsZoKTk7UqchrY0GkBzIYCL/LCMz9aS0vEmbbMv67erJWw==",
      "dev": true,
      "dependencies": {
        "@travetto/base": "^1.1.1"
      }
    },
    "node_modules/@types/generic-pool": {
      "version": "3.1.9",
      "resolved": "https://registry.npmjs.org/@types/generic-pool/-/generic-pool-3.1.9.tgz",
      "integrity": "sha512-IkXMs8fhV6+E4J8EWv8iL7mLvApcLLQUH4m1Rex3KCPRqT+Xya0DDHIeGAokk/6VXe9zg8oTWyr+FGyeuimEYQ==",
      "dev": true,
      "dependencies": {
        "@types/node": "*"
      }
    },
    "node_modules/@types/node": {
      "version": "12.19.15",
      "resolved": "https://registry.npmjs.org/@types/node/-/node-12.19.15.tgz",
      "integrity": "sha512-lowukE3GUI+VSYSu6VcBXl14d61Rp5hA1D+61r16qnwC0lYNSqdxcvRh0pswejorHfS+HgwBasM8jLXz0/aOsw==",
      "dev": true
    },
    "node_modules/@types/source-map-support": {
      "version": "0.5.3",
      "resolved": "https://registry.npmjs.org/@types/source-map-support/-/source-map-support-0.5.3.tgz",
      "integrity": "sha512-fvjMjVH8Rmokw2dWh1dkj90iX5R8FPjeZzjNH+6eFXReh0QnHFf1YBl3B0CF0RohIAA3SDRJsGeeUWKl6d7HqA==",
      "dev": true,
      "dependencies": {
        "source-map": "^0.6.0"
      }
    },
    "node_modules/@types/yauzl": {
      "version": "2.9.1",
      "resolved": "https://registry.npmjs.org/@types/yauzl/-/yauzl-2.9.1.tgz",
      "integrity": "sha512-A1b8SU4D10uoPjwb0lnHmmu8wZhR9d+9o2PKBQT2jU5YPTKsxac6M2qGAdY7VcL+dHHhARVUDmeg0rOrcd9EjA==",
      "dev": true,
      "dependencies": {
        "@types/node": "*"
      }
    },
    "node_modules/buffer-crc32": {
      "version": "0.2.13",
      "resolved": "https://registry.npmjs.org/buffer-crc32/-/buffer-crc32-0.2.13.tgz",
      "integrity": "sha1-DTM+PwDqxQqhRUq9MO+MKl2ackI=",
      "engines": {
        "node": "*"
      }
    },
    "node_modules/buffer-from": {
      "version": "1.1.1",
      "resolved": "https://registry.npmjs.org/buffer-from/-/buffer-from-1.1.1.tgz",
      "integrity": "sha512-MQcXEUbCKtEo7bhqEs6560Hyd4XaovZlO/k9V3hjVUF/zwW7KBVdSK4gIt/bzwS9MbR5qob+F5jusZsb0YQK2A==",
      "dev": true
    },
    "node_modules/fd-slicer": {
      "version": "1.1.0",
      "resolved": "https://registry.npmjs.org/fd-slicer/-/fd-slicer-1.1.0.tgz",
      "integrity": "sha1-JcfInLH5B3+IkbvmHY85Dq4lbx4=",
      "dependencies": {
        "pend": "~1.2.0"
      }
    },
    "node_modules/generic-pool": {
      "version": "3.7.1",
      "resolved": "https://registry.npmjs.org/generic-pool/-/generic-pool-3.7.1.tgz",
      "integrity": "sha512-ug6DAZoNgWm6q5KhPFA+hzXfBLFQu5sTXxPpv44DmE0A2g+CiHoq9LTVdkXpZMkYVMoGw83F6W+WT0h0MFMK/w==",
      "dev": true,
      "engines": {
        "node": ">= 4"
      }
    },
    "node_modules/pend": {
      "version": "1.2.0",
      "resolved": "https://registry.npmjs.org/pend/-/pend-1.2.0.tgz",
      "integrity": "sha1-elfrVQpng/kRUzH89GY9XI4AelA="
    },
    "node_modules/source-map": {
      "version": "0.6.1",
      "resolved": "https://registry.npmjs.org/source-map/-/source-map-0.6.1.tgz",
      "integrity": "sha512-UjgapumWlbMhkBgzT7Ykc5YXUT46F0iKu8SGXq0bcwP5dz/h0Plj6enJqjz1Zbq2l5WaqYnrVbwWOWMyF3F47g==",
      "dev": true,
      "engines": {
        "node": ">=0.10.0"
      }
    },
    "node_modules/source-map-support": {
      "version": "0.5.19",
      "resolved": "https://registry.npmjs.org/source-map-support/-/source-map-support-0.5.19.tgz",
      "integrity": "sha512-Wonm7zOCIJzBGQdB+thsPar0kYuCIzYvxZwlBa87yi/Mdjv7Tip2cyVbLj5o0cFPN4EVkuTwb3GDDyUx2DGnGw==",
      "dev": true,
      "dependencies": {
        "buffer-from": "^1.0.0",
        "source-map": "^0.6.0"
      }
    },
    "node_modules/tslib": {
      "version": "2.1.0",
      "resolved": "https://registry.npmjs.org/tslib/-/tslib-2.1.0.tgz",
      "integrity": "sha512-hcVC3wYEziELGGmEEXue7D75zbwIIVUMWAVbHItGPx0ziyXxrOMQx4rQEVEV45Ut/1IotuEvwqPopzIOkDMf0A==",
      "dev": true
    },
    "node_modules/typescript": {
      "version": "3.9.7",
      "resolved": "https://registry.npmjs.org/typescript/-/typescript-3.9.7.tgz",
      "integrity": "sha512-BLbiRkiBzAwsjut4x/dsibSTB6yWpwT5qWmC2OfuCg3GgVQCSgMs4vEctYPhsaGtd0AeuuHMkjZ2h2WG8MSzRw==",
      "dev": true,
      "bin": {
        "tsc": "bin/tsc",
        "tsserver": "bin/tsserver"
      },
      "engines": {
        "node": ">=4.2.0"
      }
    },
    "node_modules/yauzl": {
      "version": "2.10.0",
      "resolved": "https://registry.npmjs.org/yauzl/-/yauzl-2.10.0.tgz",
      "integrity": "sha1-x+sXyT4RLLEIb6bY5R+wZnt5pfk=",
      "dependencies": {
        "buffer-crc32": "~0.2.3",
        "fd-slicer": "~1.1.0"
      }
    }
  },
  "dependencies": {
    "@arcsine/win-info": {
      "version": "0.2.1",
      "resolved": "https://registry.npmjs.org/@arcsine/win-info/-/win-info-0.2.1.tgz",
      "integrity": "sha512-KTeQyIQwaUNjL9GArr527t02BK655ixNRcXXUXJxiZARYpwrQ9IbE30kYcYAzwk9jE3w/Vz97t7U/1DqI4bxgQ=="
    },
    "@travetto/base": {
      "version": "1.1.1",
      "resolved": "https://registry.npmjs.org/@travetto/base/-/base-1.1.1.tgz",
      "integrity": "sha512-ufGCnsxNP6Z+SZmLlM6dXdlrdzBBObO0ESupdTImDoZucYQ5lAWHTLJ691i/IpHhakmaavQ936chDoSLTGKEOA==",
      "dev": true,
      "requires": {
        "@travetto/boot": "^1.1.2"
      }
    },
    "@travetto/boot": {
      "version": "1.1.2",
      "resolved": "https://registry.npmjs.org/@travetto/boot/-/boot-1.1.2.tgz",
      "integrity": "sha512-NsEV9cpm82/hMhCJ9EAJQ3761Krprk36V4agTZBiD04MCpThllyOffw3woRozIUdBN1GNSJapTXmbBLhOr+Rgg==",
      "dev": true,
      "requires": {
        "@types/node": "^12.19.3",
        "@types/source-map-support": "^0.5.3",
        "source-map-support": "^0.5.19",
        "tslib": "^2.0.3",
        "typescript": "^4.0.5"
      },
      "dependencies": {
        "typescript": {
          "version": "4.1.3",
          "resolved": "https://registry.npmjs.org/typescript/-/typescript-4.1.3.tgz",
          "integrity": "sha512-B3ZIOf1IKeH2ixgHhj6la6xdwR9QrLC5d1VKeCSY4tvkqhF2eqd9O7txNlS0PO3GrBAFIdr3L1ndNwteUbZLYg==",
          "dev": true
        }
      }
    },
    "@travetto/compiler": {
      "version": "1.1.1",
      "resolved": "https://registry.npmjs.org/@travetto/compiler/-/compiler-1.1.1.tgz",
      "integrity": "sha512-FbFfzIszNrApQPo0VFrulpDq70/dbOahRai2Gp+/WyLVvhiyK6Sr6ED1PyCC7j8StizGwmJu4jU+JN4kpdENVg==",
      "dev": true,
      "requires": {
        "@travetto/base": "^1.1.1",
        "@travetto/transformer": "^1.1.1",
        "@travetto/watch": "^1.1.1"
      }
    },
    "@travetto/registry": {
      "version": "1.1.1",
      "resolved": "https://registry.npmjs.org/@travetto/registry/-/registry-1.1.1.tgz",
      "integrity": "sha512-JCAxLQup6yfRGlDuJeYa/McaC6NaV7PdoL6sIdWH2U4HjbSnK/D3/rmaPuI5Rbxl5XmY9JBw9Obq0wKmwfeOqA==",
      "dev": true,
      "requires": {
        "@travetto/compiler": "^1.1.1"
      }
    },
    "@travetto/test": {
      "version": "1.1.1",
      "resolved": "https://registry.npmjs.org/@travetto/test/-/test-1.1.1.tgz",
      "integrity": "sha512-8yJgvFLn1dRckgyXZQjWtBXRIs9kckdKDq+Oxp9tA9rc56oUc19ypCmA+jbHIXGAC7HC8bH9kGgyQL/aSKw1mg==",
      "dev": true,
      "requires": {
        "@travetto/compiler": "^1.1.1",
        "@travetto/registry": "^1.1.1",
        "@travetto/watch": "^1.1.1",
        "@travetto/worker": "^1.1.1",
        "@travetto/yaml": "^1.1.1"
      }
    },
    "@travetto/transformer": {
      "version": "1.1.1",
      "resolved": "https://registry.npmjs.org/@travetto/transformer/-/transformer-1.1.1.tgz",
      "integrity": "sha512-p5Ebr59ueLMg4iun2K9qxmdVDIBc1eJXv3LzWOPj6jSGVAEAN3YJesAKCkkDhaQoXllgWmUdcVY0yaSrmD7Wfg==",
      "dev": true,
      "requires": {
        "@travetto/base": "^1.1.1"
      }
    },
    "@travetto/watch": {
      "version": "1.1.1",
      "resolved": "https://registry.npmjs.org/@travetto/watch/-/watch-1.1.1.tgz",
      "integrity": "sha512-pJtRK/rt9zZfqaJCrrcM2/PQl3qx+vdtj5Xo7wfoz3Mp/F/NIVx17p/pdOU6QYcWyy6rNwYrvjzyJNtqTAx1LQ==",
      "dev": true,
      "requires": {
        "@travetto/base": "^1.1.1"
      }
    },
    "@travetto/worker": {
      "version": "1.1.1",
      "resolved": "https://registry.npmjs.org/@travetto/worker/-/worker-1.1.1.tgz",
      "integrity": "sha512-G7o686LQFq2iJ4m90m//yP5DClg9vD0QSy1zs6xOL8WDDmJiF8CqjLNmq6tpj8MAU/IATJ/sZDUgqYFeztHPVw==",
      "dev": true,
      "requires": {
        "@travetto/base": "^1.1.1",
        "@types/generic-pool": "^3.1.9",
        "generic-pool": "^3.7.1"
      }
    },
    "@travetto/yaml": {
      "version": "1.1.1",
      "resolved": "https://registry.npmjs.org/@travetto/yaml/-/yaml-1.1.1.tgz",
      "integrity": "sha512-VAqOxz8ipe1fr0Co3Br0kd9Pe5bgl7eVfpUXT+0rvsZoKTk7UqchrY0GkBzIYCL/LCMz9aS0vEmbbMv67erJWw==",
      "dev": true,
      "requires": {
        "@travetto/base": "^1.1.1"
      }
    },
    "@types/generic-pool": {
      "version": "3.1.9",
      "resolved": "https://registry.npmjs.org/@types/generic-pool/-/generic-pool-3.1.9.tgz",
      "integrity": "sha512-IkXMs8fhV6+E4J8EWv8iL7mLvApcLLQUH4m1Rex3KCPRqT+Xya0DDHIeGAokk/6VXe9zg8oTWyr+FGyeuimEYQ==",
      "dev": true,
      "requires": {
        "@types/node": "*"
      }
    },
    "@types/node": {
      "version": "12.19.15",
      "resolved": "https://registry.npmjs.org/@types/node/-/node-12.19.15.tgz",
      "integrity": "sha512-lowukE3GUI+VSYSu6VcBXl14d61Rp5hA1D+61r16qnwC0lYNSqdxcvRh0pswejorHfS+HgwBasM8jLXz0/aOsw==",
      "dev": true
    },
    "@types/source-map-support": {
      "version": "0.5.3",
      "resolved": "https://registry.npmjs.org/@types/source-map-support/-/source-map-support-0.5.3.tgz",
      "integrity": "sha512-fvjMjVH8Rmokw2dWh1dkj90iX5R8FPjeZzjNH+6eFXReh0QnHFf1YBl3B0CF0RohIAA3SDRJsGeeUWKl6d7HqA==",
      "dev": true,
      "requires": {
        "source-map": "^0.6.0"
      }
    },
    "@types/yauzl": {
      "version": "2.9.1",
      "resolved": "https://registry.npmjs.org/@types/yauzl/-/yauzl-2.9.1.tgz",
      "integrity": "sha512-A1b8SU4D10uoPjwb0lnHmmu8wZhR9d+9o2PKBQT2jU5YPTKsxac6M2qGAdY7VcL+dHHhARVUDmeg0rOrcd9EjA==",
      "dev": true,
      "requires": {
        "@types/node": "*"
      }
    },
    "buffer-crc32": {
      "version": "0.2.13",
      "resolved": "https://registry.npmjs.org/buffer-crc32/-/buffer-crc32-0.2.13.tgz",
      "integrity": "sha1-DTM+PwDqxQqhRUq9MO+MKl2ackI="
    },
    "buffer-from": {
      "version": "1.1.1",
      "resolved": "https://registry.npmjs.org/buffer-from/-/buffer-from-1.1.1.tgz",
      "integrity": "sha512-MQcXEUbCKtEo7bhqEs6560Hyd4XaovZlO/k9V3hjVUF/zwW7KBVdSK4gIt/bzwS9MbR5qob+F5jusZsb0YQK2A==",
      "dev": true
    },
    "fd-slicer": {
      "version": "1.1.0",
      "resolved": "https://registry.npmjs.org/fd-slicer/-/fd-slicer-1.1.0.tgz",
      "integrity": "sha1-JcfInLH5B3+IkbvmHY85Dq4lbx4=",
      "requires": {
        "pend": "~1.2.0"
      }
    },
    "generic-pool": {
      "version": "3.7.1",
      "resolved": "https://registry.npmjs.org/generic-pool/-/generic-pool-3.7.1.tgz",
      "integrity": "sha512-ug6DAZoNgWm6q5KhPFA+hzXfBLFQu5sTXxPpv44DmE0A2g+CiHoq9LTVdkXpZMkYVMoGw83F6W+WT0h0MFMK/w==",
      "dev": true
    },
    "pend": {
      "version": "1.2.0",
      "resolved": "https://registry.npmjs.org/pend/-/pend-1.2.0.tgz",
      "integrity": "sha1-elfrVQpng/kRUzH89GY9XI4AelA="
    },
    "source-map": {
      "version": "0.6.1",
      "resolved": "https://registry.npmjs.org/source-map/-/source-map-0.6.1.tgz",
      "integrity": "sha512-UjgapumWlbMhkBgzT7Ykc5YXUT46F0iKu8SGXq0bcwP5dz/h0Plj6enJqjz1Zbq2l5WaqYnrVbwWOWMyF3F47g==",
      "dev": true
    },
    "source-map-support": {
      "version": "0.5.19",
      "resolved": "https://registry.npmjs.org/source-map-support/-/source-map-support-0.5.19.tgz",
      "integrity": "sha512-Wonm7zOCIJzBGQdB+thsPar0kYuCIzYvxZwlBa87yi/Mdjv7Tip2cyVbLj5o0cFPN4EVkuTwb3GDDyUx2DGnGw==",
      "dev": true,
      "requires": {
        "buffer-from": "^1.0.0",
        "source-map": "^0.6.0"
      }
    },
    "tslib": {
      "version": "2.1.0",
      "resolved": "https://registry.npmjs.org/tslib/-/tslib-2.1.0.tgz",
      "integrity": "sha512-hcVC3wYEziELGGmEEXue7D75zbwIIVUMWAVbHItGPx0ziyXxrOMQx4rQEVEV45Ut/1IotuEvwqPopzIOkDMf0A==",
      "dev": true
    },
    "typescript": {
      "version": "3.9.7",
      "resolved": "https://registry.npmjs.org/typescript/-/typescript-3.9.7.tgz",
      "integrity": "sha512-BLbiRkiBzAwsjut4x/dsibSTB6yWpwT5qWmC2OfuCg3GgVQCSgMs4vEctYPhsaGtd0AeuuHMkjZ2h2WG8MSzRw==",
      "dev": true
    },
    "yauzl": {
      "version": "2.10.0",
      "resolved": "https://registry.npmjs.org/yauzl/-/yauzl-2.10.0.tgz",
      "integrity": "sha1-x+sXyT4RLLEIb6bY5R+wZnt5pfk=",
      "requires": {
        "buffer-crc32": "~0.2.3",
        "fd-slicer": "~1.1.0"
      }
    }
  }
}
